// !$*UTF8*$!
{
	archiveVersion = 1;
	classes = {
	};
	objectVersion = 56;
	objects = {

/* Begin PBXBuildFile section */
		F1A2B3C00100000000000020 /* CosmoPugApp.swift in Sources */ = {isa = PBXBuildFile; fileRef = F1A2B3C00100000000000010 /* CosmoPugApp.swift */; };
		F1A2B3C00100000000000021 /* ContentView.swift in Sources */ = {isa = PBXBuildFile; fileRef = F1A2B3C00100000000000011 /* ContentView.swift */; };
		F1A2B3C00100000000000022 /* GameScene.swift in Sources */ = {isa = PBXBuildFile; fileRef = F1A2B3C00100000000000012 /* GameScene.swift */; };
		F1A2B3C00100000000000023 /* PlayerNode.swift in Sources */ = {isa = PBXBuildFile; fileRef = F1A2B3C00100000000000013 /* PlayerNode.swift */; };
		F1A2B3C00100000000000024 /* EnemyNode.swift in Sources */ = {isa = PBXBuildFile; fileRef = F1A2B3C00100000000000014 /* EnemyNode.swift */; };
		F1A2B3C00100000000000025 /* BulletNode.swift in Sources */ = {isa = PBXBuildFile; fileRef = F1A2B3C00100000000000015 /* BulletNode.swift */; };
		F1A2B3C00100000000000026 /* StarfieldNode.swift in Sources */ = {isa = PBXBuildFile; fileRef = F1A2B3C00100000000000016 /* StarfieldNode.swift */; };
		F1A2B3C00100000000000027 /* Assets.xcassets in Resources */ = {isa = PBXBuildFile; fileRef = F1A2B3C00100000000000017 /* Assets.xcassets */; };
/* End PBXBuildFile section */

/* Begin PBXFileReference section */
		F1A2B3C0010000000000000A /* CosmoPug.app */ = {isa = PBXFileReference; explicitFileType = wrapper.application; includeInIndex = 0; path = CosmoPug.app; sourceTree = BUILT_PRODUCTS_DIR; };
		F1A2B3C00100000000000010 /* CosmoPugApp.swift */ = {isa = PBXFileReference; lastKnownFileType = sourcecode.swift; path = CosmoPugApp.swift; sourceTree = "<group>"; };
		F1A2B3C00100000000000011 /* ContentView.swift */ = {isa = PBXFileReference; lastKnownFileType = sourcecode.swift; path = ContentView.swift; sourceTree = "<group>"; };
		F1A2B3C00100000000000012 /* GameScene.swift */ = {isa = PBXFileReference; lastKnownFileType = sourcecode.swift; path = GameScene.swift; sourceTree = "<group>"; };
		F1A2B3C00100000000000013 /* PlayerNode.swift */ = {isa = PBXFileReference; lastKnownFileType = sourcecode.swift; path = PlayerNode.swift; sourceTree = "<group>"; };
		F1A2B3C00100000000000014 /* EnemyNode.swift */ = {isa = PBXFileReference; lastKnownFileType = sourcecode.swift; path = EnemyNode.swift; sourceTree = "<group>"; };
		F1A2B3C00100000000000015 /* BulletNode.swift */ = {isa = PBXFileReference; lastKnownFileType = sourcecode.swift; path = BulletNode.swift; sourceTree = "<group>"; };
		F1A2B3C00100000000000016 /* StarfieldNode.swift */ = {isa = PBXFileReference; lastKnownFileType = sourcecode.swift; path = StarfieldNode.swift; sourceTree = "<group>"; };
		F1A2B3C00100000000000017 /* Assets.xcassets */ = {isa = PBXFileReference; lastKnownFileType = folder.assetcatalog; path = Assets.xcassets; sourceTree = "<group>"; };
/* End PBXFileReference section */

/* Begin PBXFrameworksBuildPhase section */
		F1A2B3C00100000000000005 /* Frameworks */ = {
			isa = PBXFrameworksBuildPhase;
			buildActionMask = 2147483647;
			files = (
			);
			runOnlyForDeploymentPostprocessing = 0;
		};
/* End PBXFrameworksBuildPhase section */

/* Begin PBXGroup section */
		F1A2B3C00100000000000000 = {
			isa = PBXGroup;
			children = (
				F1A2B3C00100000000000007 /* CosmoPug */,
				F1A2B3C00100000000000006 /* Products */,
			);
			sourceTree = "<group>";
		};
		F1A2B3C00100000000000006 /* Products */ = {
			isa = PBXGroup;
			children = (
				F1A2B3C0010000000000000A /* CosmoPug.app */,
			);
			name = Products;
			sourceTree = "<group>";
		};
		F1A2B3C00100000000000007 /* CosmoPug */ = {
			isa = PBXGroup;
			children = (
				F1A2B3C00100000000000010 /* CosmoPugApp.swift */,
				F1A2B3C00100000000000011 /* ContentView.swift */,
				F1A2B3C00100000000000008 /* Game */,
				F1A2B3C00100000000000017 /* Assets.xcassets */,
			);
			path = CosmoPug;
			sourceTree = "<group>";
		};
		F1A2B3C00100000000000008 /* Game */ = {
			isa = PBXGroup;
			children = (
				F1A2B3C00100000000000012 /* GameScene.swift */,
				F1A2B3C00100000000000009 /* Nodes */,
			);
			path = Game;
			sourceTree = "<group>";
		};
		F1A2B3C00100000000000009 /* Nodes */ = {
			isa = PBXGroup;
			children = (
				F1A2B3C00100000000000013 /* PlayerNode.swift */,
				F1A2B3C00100000000000014 /* EnemyNode.swift */,
				F1A2B3C00100000000000015 /* BulletNode.swift */,
				F1A2B3C00100000000000016 /* StarfieldNode.swift */,
			);
			path = Nodes;
			sourceTree = "<group>";
		};
/* End PBXGroup section */

/* Begin PBXNativeTarget section */
		F1A2B3C00100000000000002 /* CosmoPug */ = {
			isa = PBXNativeTarget;
			buildConfigurationList = F1A2B3C00100000000000032 /* Build configuration list for PBXNativeTarget "CosmoPug" */;
			buildPhases = (
				F1A2B3C00100000000000003 /* Sources */,
				F1A2B3C00100000000000005 /* Frameworks */,
				F1A2B3C00100000000000004 /* Resources */,
			);
			buildRules = (
			);
			dependencies = (
			);
			name = CosmoPug;
			productName = CosmoPug;
			productReference = F1A2B3C0010000000000000A /* CosmoPug.app */;
			productType = "com.apple.product-type.application";
		};
/* End PBXNativeTarget section */

/* Begin PBXProject section */
		F1A2B3C00100000000000001 /* Project object */ = {
			isa = PBXProject;
			attributes = {
				BuildIndependentTargetsInParallel = 1;
				LastSwiftUpdateCheck = 1430;
				LastUpgradeCheck = 1430;
				TargetAttributes = {
					F1A2B3C00100000000000002 = {
						CreatedOnToolsVersion = 14.3;
					};
				};
			};
			buildConfigurationList = F1A2B3C00100000000000031 /* Build configuration list for PBXProject "CosmoPug" */;
			compatibilityVersion = "Xcode 14.0";
			developmentRegion = en;
			hasScannedForEncodings = 0;
			knownRegions = (
				en,
				Base,
			);
			mainGroup = F1A2B3C00100000000000000;
			productRefGroup = F1A2B3C00100000000000006 /* Products */;
			projectDirPath = "";
			projectRoot = "";
			targets = (
				F1A2B3C00100000000000002 /* CosmoPug */,
			);
		};
/* End PBXProject section */

/* Begin PBXResourcesBuildPhase section */
		F1A2B3C00100000000000004 /* Resources */ = {
			isa = PBXResourcesBuildPhase;
			buildActionMask = 2147483647;
			files = (
				F1A2B3C00100000000000027 /* Assets.xcassets in Resources */,
			);
			runOnlyForDeploymentPostprocessing = 0;
		};
/* End PBXResourcesBuildPhase section */

/* Begin PBXSourcesBuildPhase section */
		F1A2B3C00100000000000003 /* Sources */ = {
			isa = PBXSourcesBuildPhase;
			buildActionMask = 2147483647;
			files = (
				F1A2B3C00100000000000020 /* CosmoPugApp.swift in Sources */,
				F1A2B3C00100000000000021 /* ContentView.swift in Sources */,
				F1A2B3C00100000000000022 /* GameScene.swift in Sources */,
				F1A2B3C00100000000000023 /* PlayerNode.swift in Sources */,
				F1A2B3C00100000000000024 /* EnemyNode.swift in Sources */,
				F1A2B3C00100000000000025 /* BulletNode.swift in Sources */,
				F1A2B3C00100000000000026 /* StarfieldNode.swift in Sources */,
			);
			runOnlyForDeploymentPostprocessing = 0;
		};
/* End PBXSourcesBuildPhase section */

/* Begin XCBuildConfiguration section */
		F1A2B3C00100000000000040 /* Debug */ = {
			isa = XCBuildConfiguration;
			buildSettings = {
				ALWAYS_SEARCH_USER_PATHS = NO;
				CLANG_ENABLE_MODULES = YES;
				CLANG_ENABLE_OBJC_ARC = YES;
				COPY_PHASE_STRIP = NO;
				DEBUG_INFORMATION_FORMAT = dwarf;
				GCC_DYNAMIC_NO_PIC = NO;
				GCC_OPTIMIZATION_LEVEL = 0;
				IPHONEOS_DEPLOYMENT_TARGET = 16.0;
				MTL_ENABLE_DEBUG_INFO = INCLUDE_SOURCE;
				ONLY_ACTIVE_ARCH = YES;
				SDKROOT = iphoneos;
				SWIFT_ACTIVE_COMPILATION_CONDITIONS = DEBUG;
				SWIFT_OPTIMIZATION_LEVEL = "-Onone";
			};
			name = Debug;
		};
		F1A2B3C00100000000000041 /* Release */ = {
			isa = XCBuildConfiguration;
			buildSettings = {
				ALWAYS_SEARCH_USER_PATHS = NO;
				CLANG_ENABLE_MODULES = YES;
				CLANG_ENABLE_OBJC_ARC = YES;
				COPY_PHASE_STRIP = NO;
				DEBUG_INFORMATION_FORMAT = "dwarf-with-dsym";
				IPHONEOS_DEPLOYMENT_TARGET = 16.0;
				MTL_ENABLE_DEBUG_INFO = NO;
				SDKROOT = iphoneos;
				SWIFT_COMPILATION_MODE = wholemodule;
				VALIDATE_PRODUCT = YES;
			};
			name = Release;
		};
		F1A2B3C00100000000000042 /* Debug */ = {
			isa = XCBuildConfiguration;
			buildSettings = {
				ASSETCATALOG_COMPILER_APPICON_NAME = AppIcon;
				ASSETCATALOG_COMPILER_GLOBAL_ACCENT_COLOR_NAME = AccentColor;
				CODE_SIGN_STYLE = Automatic;
				CURRENT_PROJECT_VERSION = 1;
				DEVELOPMENT_TEAM = "";
				ENABLE_PREVIEWS = YES;
				GENERATE_INFOPLIST_FILE = YES;
				INFOPLIST_KEY_CFBundleDisplayName = "Cosmo Pug";
				INFOPLIST_KEY_UIApplicationSceneManifest_Generation = YES;
				INFOPLIST_KEY_UIApplicationSupportsIndirectInputEvents = YES;
				INFOPLIST_KEY_UILaunchScreen_Generation = YES;
				INFOPLIST_KEY_UISupportedInterfaceOrientations = UIInterfaceOrientationPortrait;
				INFOPLIST_KEY_UISupportedInterfaceOrientations_iPad = "UIInterfaceOrientationPortrait UIInterfaceOrientationPortraitUpsideDown";
				LD_RUNPATH_SEARCH_PATHS = (
					"$(inherited)",
					"@executable_path/Frameworks",
				);
				MARKETING_VERSION = 1.0;
				PRODUCT_BUNDLE_IDENTIFIER = com.daria.cosmopug;
				PRODUCT_NAME = "$(TARGET_NAME)";
				SWIFT_EMIT_LOC_STRINGS = YES;
				SWIFT_VERSION = 5.0;
				TARGETED_DEVICE_FAMILY = "1,2";
			};
			name = Debug;
		};
		F1A2B3C00100000000000043 /* Release */ = {
			isa = XCBuildConfiguration;
			buildSettings = {
				ASSETCATALOG_COMPILER_APPICON_NAME = AppIcon;
				ASSETCATALOG_COMPILER_GLOBAL_ACCENT_COLOR_NAME = AccentColor;
				CODE_SIGN_STYLE = Automatic;
				CURRENT_PROJECT_VERSION = 1;
				DEVELOPMENT_TEAM = "";
				ENABLE_PREVIEWS = YES;
				GENERATE_INFOPLIST_FILE = YES;
				INFOPLIST_KEY_CFBundleDisplayName = "Cosmo Pug";
				INFOPLIST_KEY_UIApplicationSceneManifest_Generation = YES;
				INFOPLIST_KEY_UIApplicationSupportsIndirectInputEvents = YES;
				INFOPLIST_KEY_UILaunchScreen_Generation = YES;
				INFOPLIST_KEY_UISupportedInterfaceOrientations = UIInterfaceOrientationPortrait;
				INFOPLIST_KEY_UISupportedInterfaceOrientations_iPad = "UIInterfaceOrientationPortrait UIInterfaceOrientationPortraitUpsideDown";
				LD_RUNPATH_SEARCH_PATHS = (
					"$(inherited)",
					"@executable_path/Frameworks",
				);
				MARKETING_VERSION = 1.0;
				PRODUCT_BUNDLE_IDENTIFIER = com.daria.cosmopug;
				PRODUCT_NAME = "$(TARGET_NAME)";
				SWIFT_EMIT_LOC_STRINGS = YES;
				SWIFT_VERSION = 5.0;
				TARGETED_DEVICE_FAMILY = "1,2";
			};
			name = Release;
		};
/* End XCBuildConfiguration section */

/* Begin XCConfigurationList section */
		F1A2B3C00100000000000031 /* Build configuration list for PBXProject "CosmoPug" */ = {
			isa = XCConfigurationList;
			buildConfigurations = (
				F1A2B3C00100000000000040 /* Debug */,
				F1A2B3C00100000000000041 /* Release */,
			);
			defaultConfigurationIsVisible = 0;
			defaultConfigurationName = Release;
		};
		F1A2B3C00100000000000032 /* Build configuration list for PBXNativeTarget "CosmoPug" */ = {
			isa = XCConfigurationList;
			buildConfigurations = (
				F1A2B3C00100000000000042 /* Debug */,
				F1A2B3C00100000000000043 /* Release */,
			);
			defaultConfigurationIsVisible = 0;
			defaultConfigurationName = Release;
		};
/* End XCConfigurationList section */
	};
	rootObject = F1A2B3C00100000000000001 /* Project object */;
}
